// !$*UTF8*$!
{
	archiveVersion = 1;
	classes = {
	};
	objectVersion = 48;
	objects = {

/* Begin PBXBuildFile section */
		FF6C0F631FA8512000828290 /* AppDelegate.swift in Sources */ = {isa = PBXBuildFile; fileRef = FF6C0F621FA8512000828290 /* AppDelegate.swift */; };
		FF6C0F651FA8512000828290 /* ViewController.swift in Sources */ = {isa = PBXBuildFile; fileRef = FF6C0F641FA8512000828290 /* ViewController.swift */; };
		FF6C0F681FA8512000828290 /* Main.storyboard in Resources */ = {isa = PBXBuildFile; fileRef = FF6C0F661FA8512000828290 /* Main.storyboard */; };
		FF6C0F6B1FA8512000828290 /* Clock.xcdatamodeld in Sources */ = {isa = PBXBuildFile; fileRef = FF6C0F691FA8512000828290 /* Clock.xcdatamodeld */; };
		FF6C0F6D1FA8512000828290 /* Assets.xcassets in Resources */ = {isa = PBXBuildFile; fileRef = FF6C0F6C1FA8512000828290 /* Assets.xcassets */; };
		FF6C0F701FA8512000828290 /* LaunchScreen.storyboard in Resources */ = {isa = PBXBuildFile; fileRef = FF6C0F6E1FA8512000828290 /* LaunchScreen.storyboard */; };
		FF6C0F7B1FA8512100828290 /* ClockTests.swift in Sources */ = {isa = PBXBuildFile; fileRef = FF6C0F7A1FA8512100828290 /* ClockTests.swift */; };
		FF6C0F861FA8512100828290 /* ClockUITests.swift in Sources */ = {isa = PBXBuildFile; fileRef = FF6C0F851FA8512100828290 /* ClockUITests.swift */; };
		FF81D7A81FB4235B00C7248A /* SKAnalogWatch.swift in Sources */ = {isa = PBXBuildFile; fileRef = FF81D7A71FB4235B00C7248A /* SKAnalogWatch.swift */; };
/* End PBXBuildFile section */

/* Begin PBXContainerItemProxy section */
		FF6C0F771FA8512100828290 /* PBXContainerItemProxy */ = {
			isa = PBXContainerItemProxy;
			containerPortal = FF6C0F571FA8512000828290 /* Project object */;
			proxyType = 1;
			remoteGlobalIDString = FF6C0F5E1FA8512000828290;
			remoteInfo = Clock;
		};
		FF6C0F821FA8512100828290 /* PBXContainerItemProxy */ = {
			isa = PBXContainerItemProxy;
			containerPortal = FF6C0F571FA8512000828290 /* Project object */;
			proxyType = 1;
			remoteGlobalIDString = FF6C0F5E1FA8512000828290;
			remoteInfo = Clock;
		};
/* End PBXContainerItemProxy section */

/* Begin PBXFileReference section */
		FF6C0F5F1FA8512000828290 /* Clock.app */ = {isa = PBXFileReference; explicitFileType = wrapper.application; includeInIndex = 0; path = Clock.app; sourceTree = BUILT_PRODUCTS_DIR; };
		FF6C0F621FA8512000828290 /* AppDelegate.swift */ = {isa = PBXFileReference; lastKnownFileType = sourcecode.swift; path = AppDelegate.swift; sourceTree = "<group>"; };
		FF6C0F641FA8512000828290 /* ViewController.swift */ = {isa = PBXFileReference; lastKnownFileType = sourcecode.swift; path = ViewController.swift; sourceTree = "<group>"; };
		FF6C0F671FA8512000828290 /* Base */ = {isa = PBXFileReference; lastKnownFileType = file.storyboard; name = Base; path = Base.lproj/Main.storyboard; sourceTree = "<group>"; };
		FF6C0F6A1FA8512000828290 /* Clock.xcdatamodel */ = {isa = PBXFileReference; lastKnownFileType = wrapper.xcdatamodel; path = Clock.xcdatamodel; sourceTree = "<group>"; };
		FF6C0F6C1FA8512000828290 /* Assets.xcassets */ = {isa = PBXFileReference; lastKnownFileType = folder.assetcatalog; path = Assets.xcassets; sourceTree = "<group>"; };
		FF6C0F6F1FA8512000828290 /* Base */ = {isa = PBXFileReference; lastKnownFileType = file.storyboard; name = Base; path = Base.lproj/LaunchScreen.storyboard; sourceTree = "<group>"; };
		FF6C0F711FA8512000828290 /* Info.plist */ = {isa = PBXFileReference; lastKnownFileType = text.plist.xml; path = Info.plist; sourceTree = "<group>"; };
		FF6C0F761FA8512100828290 /* ClockTests.xctest */ = {isa = PBXFileReference; explicitFileType = wrapper.cfbundle; includeInIndex = 0; path = ClockTests.xctest; sourceTree = BUILT_PRODUCTS_DIR; };
		FF6C0F7A1FA8512100828290 /* ClockTests.swift */ = {isa = PBXFileReference; lastKnownFileType = sourcecode.swift; path = ClockTests.swift; sourceTree = "<group>"; };
		FF6C0F7C1FA8512100828290 /* Info.plist */ = {isa = PBXFileReference; lastKnownFileType = text.plist.xml; path = Info.plist; sourceTree = "<group>"; };
		FF6C0F811FA8512100828290 /* ClockUITests.xctest */ = {isa = PBXFileReference; explicitFileType = wrapper.cfbundle; includeInIndex = 0; path = ClockUITests.xctest; sourceTree = BUILT_PRODUCTS_DIR; };
		FF6C0F851FA8512100828290 /* ClockUITests.swift */ = {isa = PBXFileReference; lastKnownFileType = sourcecode.swift; path = ClockUITests.swift; sourceTree = "<group>"; };
		FF6C0F871FA8512100828290 /* Info.plist */ = {isa = PBXFileReference; lastKnownFileType = text.plist.xml; path = Info.plist; sourceTree = "<group>"; };
		FF81D7A71FB4235B00C7248A /* SKAnalogWatch.swift */ = {isa = PBXFileReference; lastKnownFileType = sourcecode.swift; path = SKAnalogWatch.swift; sourceTree = "<group>"; };
/* End PBXFileReference section */

/* Begin PBXFrameworksBuildPhase section */
		FF6C0F5C1FA8512000828290 /* Frameworks */ = {
			isa = PBXFrameworksBuildPhase;
			buildActionMask = 2147483647;
			files = (
			);
			runOnlyForDeploymentPostprocessing = 0;
		};
		FF6C0F731FA8512100828290 /* Frameworks */ = {
			isa = PBXFrameworksBuildPhase;
			buildActionMask = 2147483647;
			files = (
			);
			runOnlyForDeploymentPostprocessing = 0;
		};
		FF6C0F7E1FA8512100828290 /* Frameworks */ = {
			isa = PBXFrameworksBuildPhase;
			buildActionMask = 2147483647;
			files = (
			);
			runOnlyForDeploymentPostprocessing = 0;
		};
/* End PBXFrameworksBuildPhase section */

/* Begin PBXGroup section */
		FF6C0F561FA8512000828290 = {
			isa = PBXGroup;
			children = (
				FF6C0F611FA8512000828290 /* Clock */,
				FF6C0F791FA8512100828290 /* ClockTests */,
				FF6C0F841FA8512100828290 /* ClockUITests */,
				FF6C0F601FA8512000828290 /* Products */,
			);
			sourceTree = "<group>";
		};
		FF6C0F601FA8512000828290 /* Products */ = {
			isa = PBXGroup;
			children = (
				FF6C0F5F1FA8512000828290 /* Clock.app */,
				FF6C0F761FA8512100828290 /* ClockTests.xctest */,
				FF6C0F811FA8512100828290 /* ClockUITests.xctest */,
			);
			name = Products;
			sourceTree = "<group>";
		};
		FF6C0F611FA8512000828290 /* Clock */ = {
			isa = PBXGroup;
			children = (
				FF6C0F621FA8512000828290 /* AppDelegate.swift */,
				FF81D7A71FB4235B00C7248A /* SKAnalogWatch.swift */,
				FF6C0F641FA8512000828290 /* ViewController.swift */,
				FF6C0F661FA8512000828290 /* Main.storyboard */,
				FF6C0F6C1FA8512000828290 /* Assets.xcassets */,
				FF6C0F6E1FA8512000828290 /* LaunchScreen.storyboard */,
				FF6C0F711FA8512000828290 /* Info.plist */,
				FF6C0F691FA8512000828290 /* Clock.xcdatamodeld */,
			);
			path = Clock;
			sourceTree = "<group>";
		};
		FF6C0F791FA8512100828290 /* ClockTests */ = {
			isa = PBXGroup;
			children = (
				FF6C0F7A1FA8512100828290 /* ClockTests.swift */,
				FF6C0F7C1FA8512100828290 /* Info.plist */,
			);
			path = ClockTests;
			sourceTree = "<group>";
		};
		FF6C0F841FA8512100828290 /* ClockUITests */ = {
			isa = PBXGroup;
			children = (
				FF6C0F851FA8512100828290 /* ClockUITests.swift */,
				FF6C0F871FA8512100828290 /* Info.plist */,
			);
			path = ClockUITests;
			sourceTree = "<group>";
		};
/* End PBXGroup section */

/* Begin PBXNativeTarget section */
		FF6C0F5E1FA8512000828290 /* Clock */ = {
			isa = PBXNativeTarget;
			buildConfigurationList = FF6C0F8A1FA8512100828290 /* Build configuration list for PBXNativeTarget "Clock" */;
			buildPhases = (
				FF6C0F5B1FA8512000828290 /* Sources */,
				FF6C0F5C1FA8512000828290 /* Frameworks */,
				FF6C0F5D1FA8512000828290 /* Resources */,
			);
			buildRules = (
			);
			dependencies = (
			);
			name = Clock;
			productName = Clock;
			productReference = FF6C0F5F1FA8512000828290 /* Clock.app */;
			productType = "com.apple.product-type.application";
		};
		FF6C0F751FA8512100828290 /* ClockTests */ = {
			isa = PBXNativeTarget;
			buildConfigurationList = FF6C0F8D1FA8512100828290 /* Build configuration list for PBXNativeTarget "ClockTests" */;
			buildPhases = (
				FF6C0F721FA8512100828290 /* Sources */,
				FF6C0F731FA8512100828290 /* Frameworks */,
				FF6C0F741FA8512100828290 /* Resources */,
			);
			buildRules = (
			);
			dependencies = (
				FF6C0F781FA8512100828290 /* PBXTargetDependency */,
			);
			name = ClockTests;
			productName = ClockTests;
			productReference = FF6C0F761FA8512100828290 /* ClockTests.xctest */;
			productType = "com.apple.product-type.bundle.unit-test";
		};
		FF6C0F801FA8512100828290 /* ClockUITests */ = {
			isa = PBXNativeTarget;
			buildConfigurationList = FF6C0F901FA8512100828290 /* Build configuration list for PBXNativeTarget "ClockUITests" */;
			buildPhases = (
				FF6C0F7D1FA8512100828290 /* Sources */,
				FF6C0F7E1FA8512100828290 /* Frameworks */,
				FF6C0F7F1FA8512100828290 /* Resources */,
			);
			buildRules = (
			);
			dependencies = (
				FF6C0F831FA8512100828290 /* PBXTargetDependency */,
			);
			name = ClockUITests;
			productName = ClockUITests;
			productReference = FF6C0F811FA8512100828290 /* ClockUITests.xctest */;
			productType = "com.apple.product-type.bundle.ui-testing";
		};
/* End PBXNativeTarget section */

/* Begin PBXProject section */
		FF6C0F571FA8512000828290 /* Project object */ = {
			isa = PBXProject;
			attributes = {
				LastSwiftUpdateCheck = 0900;
				LastUpgradeCheck = 0900;
				ORGANIZATIONNAME = "Sanjeev Kumar";
				TargetAttributes = {
					FF6C0F5E1FA8512000828290 = {
						CreatedOnToolsVersion = 9.0;
						ProvisioningStyle = Automatic;
					};
					FF6C0F751FA8512100828290 = {
						CreatedOnToolsVersion = 9.0;
						ProvisioningStyle = Automatic;
						TestTargetID = FF6C0F5E1FA8512000828290;
					};
					FF6C0F801FA8512100828290 = {
						CreatedOnToolsVersion = 9.0;
						ProvisioningStyle = Automatic;
						TestTargetID = FF6C0F5E1FA8512000828290;
					};
				};
			};
			buildConfigurationList = FF6C0F5A1FA8512000828290 /* Build configuration list for PBXProject "Clock" */;
			compatibilityVersion = "Xcode 8.0";
			developmentRegion = en;
			hasScannedForEncodings = 0;
			knownRegions = (
				en,
				Base,
			);
			mainGroup = FF6C0F561FA8512000828290;
			productRefGroup = FF6C0F601FA8512000828290 /* Products */;
			projectDirPath = "";
			projectRoot = "";
			targets = (
				FF6C0F5E1FA8512000828290 /* Clock */,
				FF6C0F751FA8512100828290 /* ClockTests */,
				FF6C0F801FA8512100828290 /* ClockUITests */,
			);
		};
/* End PBXProject section */

/* Begin PBXResourcesBuildPhase section */
		FF6C0F5D1FA8512000828290 /* Resources */ = {
			isa = PBXResourcesBuildPhase;
			buildActionMask = 2147483647;
			files = (
				FF6C0F701FA8512000828290 /* LaunchScreen.storyboard in Resources */,
				FF6C0F6D1FA8512000828290 /* Assets.xcassets in Resources */,
				FF6C0F681FA8512000828290 /* Main.storyboard in Resources */,
			);
			runOnlyForDeploymentPostprocessing = 0;
		};
		FF6C0F741FA8512100828290 /* Resources */ = {
			isa = PBXResourcesBuildPhase;
			buildActionMask = 2147483647;
			files = (
			);
			runOnlyForDeploymentPostprocessing = 0;
		};
		FF6C0F7F1FA8512100828290 /* Resources */ = {
			isa = PBXResourcesBuildPhase;
			buildActionMask = 2147483647;
			files = (
			);
			runOnlyForDeploymentPostprocessing = 0;
		};
/* End PBXResourcesBuildPhase section */

/* Begin PBXSourcesBuildPhase section */
		FF6C0F5B1FA8512000828290 /* Sources */ = {
			isa = PBXSourcesBuildPhase;
			buildActionMask = 2147483647;
			files = (
				FF6C0F651FA8512000828290 /* ViewController.swift in Sources */,
				FF81D7A81FB4235B00C7248A /* SKAnalogWatch.swift in Sources */,
				FF6C0F6B1FA8512000828290 /* Clock.xcdatamodeld in Sources */,
				FF6C0F631FA8512000828290 /* AppDelegate.swift in Sources */,
			);
			runOnlyForDeploymentPostprocessing = 0;
		};
		FF6C0F721FA8512100828290 /* Sources */ = {
			isa = PBXSourcesBuildPhase;
			buildActionMask = 2147483647;
			files = (
				FF6C0F7B1FA8512100828290 /* ClockTests.swift in Sources */,
			);
			runOnlyForDeploymentPostprocessing = 0;
		};
		FF6C0F7D1FA8512100828290 /* Sources */ = {
			isa = PBXSourcesBuildPhase;
			buildActionMask = 2147483647;
			files = (
				FF6C0F861FA8512100828290 /* ClockUITests.swift in Sources */,
			);
			runOnlyForDeploymentPostprocessing = 0;
		};
/* End PBXSourcesBuildPhase section */

/* Begin PBXTargetDependency section */
		FF6C0F781FA8512100828290 /* PBXTargetDependency */ = {
			isa = PBXTargetDependency;
			target = FF6C0F5E1FA8512000828290 /* Clock */;
			targetProxy = FF6C0F771FA8512100828290 /* PBXContainerItemProxy */;
		};
		FF6C0F831FA8512100828290 /* PBXTargetDependency */ = {
			isa = PBXTargetDependency;
			target = FF6C0F5E1FA8512000828290 /* Clock */;
			targetProxy = FF6C0F821FA8512100828290 /* PBXContainerItemProxy */;
		};
/* End PBXTargetDependency section */

/* Begin PBXVariantGroup section */
		FF6C0F661FA8512000828290 /* Main.storyboard */ = {
			isa = PBXVariantGroup;
			children = (
				FF6C0F671FA8512000828290 /* Base */,
			);
			name = Main.storyboard;
			sourceTree = "<group>";
		};
		FF6C0F6E1FA8512000828290 /* LaunchScreen.storyboard */ = {
			isa = PBXVariantGroup;
			children = (
				FF6C0F6F1FA8512000828290 /* Base */,
			);
			name = LaunchScreen.storyboard;
			sourceTree = "<group>";
		};
/* End PBXVariantGroup section */

/* Begin XCBuildConfiguration section */
		FF6C0F881FA8512100828290 /* Debug */ = {
			isa = XCBuildConfiguration;
			buildSettings = {
				ALWAYS_SEARCH_USER_PATHS = NO;
				CLANG_ANALYZER_NONNULL = YES;
				CLANG_ANALYZER_NUMBER_OBJECT_CONVERSION = YES_AGGRESSIVE;
				CLANG_CXX_LANGUAGE_STANDARD = "gnu++14";
				CLANG_CXX_LIBRARY = "libc++";
				CLANG_ENABLE_MODULES = YES;
				CLANG_ENABLE_OBJC_ARC = YES;
				CLANG_WARN_BLOCK_CAPTURE_AUTORELEASING = YES;
				CLANG_WARN_BOOL_CONVERSION = YES;
				CLANG_WARN_COMMA = YES;
				CLANG_WARN_CONSTANT_CONVERSION = YES;
				CLANG_WARN_DIRECT_OBJC_ISA_USAGE = YES_ERROR;
				CLANG_WARN_DOCUMENTATION_COMMENTS = YES;
				CLANG_WARN_EMPTY_BODY = YES;
				CLANG_WARN_ENUM_CONVERSION = YES;
				CLANG_WARN_INFINITE_RECURSION = YES;
				CLANG_WARN_INT_CONVERSION = YES;
				CLANG_WARN_NON_LITERAL_NULL_CONVERSION = YES;
				CLANG_WARN_OBJC_LITERAL_CONVERSION = YES;
				CLANG_WARN_OBJC_ROOT_CLASS = YES_ERROR;
				CLANG_WARN_RANGE_LOOP_ANALYSIS = YES;
				CLANG_WARN_STRICT_PROTOTYPES = YES;
				CLANG_WARN_SUSPICIOUS_MOVE = YES;
				CLANG_WARN_UNGUARDED_AVAILABILITY = YES_AGGRESSIVE;
				CLANG_WARN_UNREACHABLE_CODE = YES;
				CLANG_WARN__DUPLICATE_METHOD_MATCH = YES;
				CODE_SIGN_IDENTITY = "iPhone Developer";
				COPY_PHASE_STRIP = NO;
				DEBUG_INFORMATION_FORMAT = dwarf;
				ENABLE_STRICT_OBJC_MSGSEND = YES;
				ENABLE_TESTABILITY = YES;
				GCC_C_LANGUAGE_STANDARD = gnu11;
				GCC_DYNAMIC_NO_PIC = NO;
				GCC_NO_COMMON_BLOCKS = YES;
				GCC_OPTIMIZATION_LEVEL = 0;
				GCC_PREPROCESSOR_DEFINITIONS = (
					"DEBUG=1",
					"$(inherited)",
				);
				GCC_WARN_64_TO_32_BIT_CONVERSION = YES;
				GCC_WARN_ABOUT_RETURN_TYPE = YES_ERROR;
				GCC_WARN_UNDECLARED_SELECTOR = YES;
				GCC_WARN_UNINITIALIZED_AUTOS = YES_AGGRESSIVE;
				GCC_WARN_UNUSED_FUNCTION = YES;
				GCC_WARN_UNUSED_VARIABLE = YES;
				IPHONEOS_DEPLOYMENT_TARGET = 11.0;
				MTL_ENABLE_DEBUG_INFO = YES;
				ONLY_ACTIVE_ARCH = YES;
				SDKROOT = iphoneos;
				SWIFT_ACTIVE_COMPILATION_CONDITIONS = DEBUG;
				SWIFT_OPTIMIZATION_LEVEL = "-Onone";
			};
			name = Debug;
		};
		FF6C0F891FA8512100828290 /* Release */ = {
			isa = XCBuildConfiguration;
			buildSettings = {
				ALWAYS_SEARCH_USER_PATHS = NO;
				CLANG_ANALYZER_NONNULL = YES;
				CLANG_ANALYZER_NUMBER_OBJECT_CONVERSION = YES_AGGRESSIVE;
				CLANG_CXX_LANGUAGE_STANDARD = "gnu++14";
				CLANG_CXX_LIBRARY = "libc++";
				CLANG_ENABLE_MODULES = YES;
				CLANG_ENABLE_OBJC_ARC = YES;
				CLANG_WARN_BLOCK_CAPTURE_AUTORELEASING = YES;
				CLANG_WARN_BOOL_CONVERSION = YES;
				CLANG_WARN_COMMA = YES;
				CLANG_WARN_CONSTANT_CONVERSION = YES;
				CLANG_WARN_DIRECT_OBJC_ISA_USAGE = YES_ERROR;
				CLANG_WARN_DOCUMENTATION_COMMENTS = YES;
				CLANG_WARN_EMPTY_BODY = YES;
				CLANG_WARN_ENUM_CONVERSION = YES;
				CLANG_WARN_INFINITE_RECURSION = YES;
				CLANG_WARN_INT_CONVERSION = YES;
				CLANG_WARN_NON_LITERAL_NULL_CONVERSION = YES;
				CLANG_WARN_OBJC_LITERAL_CONVERSION = YES;
				CLANG_WARN_OBJC_ROOT_CLASS = YES_ERROR;
				CLANG_WARN_RANGE_LOOP_ANALYSIS = YES;
				CLANG_WARN_STRICT_PROTOTYPES = YES;
				CLANG_WARN_SUSPICIOUS_MOVE = YES;
				CLANG_WARN_UNGUARDED_AVAILABILITY = YES_AGGRESSIVE;
				CLANG_WARN_UNREACHABLE_CODE = YES;
				CLANG_WARN__DUPLICATE_METHOD_MATCH = YES;
				CODE_SIGN_IDENTITY = "iPhone Developer";
				COPY_PHASE_STRIP = NO;
				DEBUG_INFORMATION_FORMAT = "dwarf-with-dsym";
				ENABLE_NS_ASSERTIONS = NO;
				ENABLE_STRICT_OBJC_MSGSEND = YES;
				GCC_C_LANGUAGE_STANDARD = gnu11;
				GCC_NO_COMMON_BLOCKS = YES;
				GCC_WARN_64_TO_32_BIT_CONVERSION = YES;
				GCC_WARN_ABOUT_RETURN_TYPE = YES_ERROR;
				GCC_WARN_UNDECLARED_SELECTOR = YES;
				GCC_WARN_UNINITIALIZED_AUTOS = YES_AGGRESSIVE;
				GCC_WARN_UNUSED_FUNCTION = YES;
				GCC_WARN_UNUSED_VARIABLE = YES;
				IPHONEOS_DEPLOYMENT_TARGET = 11.0;
				MTL_ENABLE_DEBUG_INFO = NO;
				SDKROOT = iphoneos;
				SWIFT_OPTIMIZATION_LEVEL = "-Owholemodule";
				VALIDATE_PRODUCT = YES;
			};
			name = Release;
		};
		FF6C0F8B1FA8512100828290 /* Debug */ = {
			isa = XCBuildConfiguration;
			buildSettings = {
				ASSETCATALOG_COMPILER_APPICON_NAME = AppIcon;
				CODE_SIGN_STYLE = Automatic;
				INFOPLIST_FILE = Clock/Info.plist;
				LD_RUNPATH_SEARCH_PATHS = "$(inherited) @executable_path/Frameworks";
				PRODUCT_BUNDLE_IDENTIFIER = com.social.Clock;
				PRODUCT_NAME = "$(TARGET_NAME)";
				SWIFT_VERSION = 4.0;
				TARGETED_DEVICE_FAMILY = "1,2";
			};
			name = Debug;
		};
		FF6C0F8C1FA8512100828290 /* Release */ = {
			isa = XCBuildConfiguration;
			buildSettings = {
				ASSETCATALOG_COMPILER_APPICON_NAME = AppIcon;
				CODE_SIGN_STYLE = Automatic;
				INFOPLIST_FILE = Clock/Info.plist;
				LD_RUNPATH_SEARCH_PATHS = "$(inherited) @executable_path/Frameworks";
				PRODUCT_BUNDLE_IDENTIFIER = com.social.Clock;
				PRODUCT_NAME = "$(TARGET_NAME)";
				SWIFT_VERSION = 4.0;
				TARGETED_DEVICE_FAMILY = "1,2";
			};
			name = Release;
		};
		FF6C0F8E1FA8512100828290 /* Debug */ = {
			isa = XCBuildConfiguration;
			buildSettings = {
				ALWAYS_EMBED_SWIFT_STANDARD_LIBRARIES = YES;
				BUNDLE_LOADER = "$(TEST_HOST)";
				CODE_SIGN_STYLE = Automatic;
				INFOPLIST_FILE = ClockTests/Info.plist;
				LD_RUNPATH_SEARCH_PATHS = "$(inherited) @executable_path/Frameworks @loader_path/Frameworks";
				PRODUCT_BUNDLE_IDENTIFIER = com.social.ClockTests;
				PRODUCT_NAME = "$(TARGET_NAME)";
				SWIFT_VERSION = 4.0;
				TARGETED_DEVICE_FAMILY = "1,2";
				TEST_HOST = "$(BUILT_PRODUCTS_DIR)/Clock.app/Clock";
			};
			name = Debug;
		};
		FF6C0F8F1FA8512100828290 /* Release */ = {
			isa = XCBuildConfiguration;
			buildSettings = {
				ALWAYS_EMBED_SWIFT_STANDARD_LIBRARIES = YES;
				BUNDLE_LOADER = "$(TEST_HOST)";
				CODE_SIGN_STYLE = Automatic;
				INFOPLIST_FILE = ClockTests/Info.plist;
				LD_RUNPATH_SEARCH_PATHS = "$(inherited) @executable_path/Frameworks @loader_path/Frameworks";
				PRODUCT_BUNDLE_IDENTIFIER = com.social.ClockTests;
				PRODUCT_NAME = "$(TARGET_NAME)";
				SWIFT_VERSION = 4.0;
				TARGETED_DEVICE_FAMILY = "1,2";
				TEST_HOST = "$(BUILT_PRODUCTS_DIR)/Clock.app/Clock";
			};
			name = Release;
		};
		FF6C0F911FA8512100828290 /* Debug */ = {
			isa = XCBuildConfiguration;
			buildSettings = {
				ALWAYS_EMBED_SWIFT_STANDARD_LIBRARIES = YES;
				CODE_SIGN_STYLE = Automatic;
				INFOPLIST_FILE = ClockUITests/Info.plist;
				LD_RUNPATH_SEARCH_PATHS = "$(inherited) @executable_path/Frameworks @loader_path/Frameworks";
				PRODUCT_BUNDLE_IDENTIFIER = com.social.ClockUITests;
				PRODUCT_NAME = "$(TARGET_NAME)";
				SWIFT_VERSION = 4.0;
				TARGETED_DEVICE_FAMILY = "1,2";
				TEST_TARGET_NAME = Clock;
			};
			name = Debug;
		};
		FF6C0F921FA8512100828290 /* Release */ = {
			isa = XCBuildConfiguration;
			buildSettings = {
				ALWAYS_EMBED_SWIFT_STANDARD_LIBRARIES = YES;
				CODE_SIGN_STYLE = Automatic;
				INFOPLIST_FILE = ClockUITests/Info.plist;
				LD_RUNPATH_SEARCH_PATHS = "$(inherited) @executable_path/Frameworks @loader_path/Frameworks";
				PRODUCT_BUNDLE_IDENTIFIER = com.social.ClockUITests;
				PRODUCT_NAME = "$(TARGET_NAME)";
				SWIFT_VERSION = 4.0;
				TARGETED_DEVICE_FAMILY = "1,2";
				TEST_TARGET_NAME = Clock;
			};
			name = Release;
		};
/* End XCBuildConfiguration section */

/* Begin XCConfigurationList section */
		FF6C0F5A1FA8512000828290 /* Build configuration list for PBXProject "Clock" */ = {
			isa = XCConfigurationList;
			buildConfigurations = (
				FF6C0F881FA8512100828290 /* Debug */,
				FF6C0F891FA8512100828290 /* Release */,
			);
			defaultConfigurationIsVisible = 0;
			defaultConfigurationName = Release;
		};
		FF6C0F8A1FA8512100828290 /* Build configuration list for PBXNativeTarget "Clock" */ = {
			isa = XCConfigurationList;
			buildConfigurations = (
				FF6C0F8B1FA8512100828290 /* Debug */,
				FF6C0F8C1FA8512100828290 /* Release */,
			);
			defaultConfigurationIsVisible = 0;
			defaultConfigurationName = Release;
		};
		FF6C0F8D1FA8512100828290 /* Build configuration list for PBXNativeTarget "ClockTests" */ = {
			isa = XCConfigurationList;
			buildConfigurations = (
				FF6C0F8E1FA8512100828290 /* Debug */,
				FF6C0F8F1FA8512100828290 /* Release */,
			);
			defaultConfigurationIsVisible = 0;
			defaultConfigurationName = Release;
		};
		FF6C0F901FA8512100828290 /* Build configuration list for PBXNativeTarget "ClockUITests" */ = {
			isa = XCConfigurationList;
			buildConfigurations = (
				FF6C0F911FA8512100828290 /* Debug */,
				FF6C0F921FA8512100828290 /* Release */,
			);
			defaultConfigurationIsVisible = 0;
			defaultConfigurationName = Release;
		};
/* End XCConfigurationList section */

/* Begin XCVersionGroup section */
		FF6C0F691FA8512000828290 /* Clock.xcdatamodeld */ = {
			isa = XCVersionGroup;
			children = (
				FF6C0F6A1FA8512000828290 /* Clock.xcdatamodel */,
			);
			currentVersion = FF6C0F6A1FA8512000828290 /* Clock.xcdatamodel */;
			path = Clock.xcdatamodeld;
			sourceTree = "<group>";
			versionGroupType = wrapper.xcdatamodel;
		};
/* End XCVersionGroup section */
	};
	rootObject = FF6C0F571FA8512000828290 /* Project object */;
}
